{
    "_meta": {
        "hash": {
            "sha256": "192a842962fa3ed89a38830b6de38773683d0c33361e741c3eddfa572618e0fc"
        },
        "pipfile-spec": 6,
        "requires": {
            "python_version": "3.7"
        },
        "sources": [
            {
                "name": "pypi",
                "url": "https://pypi.org/simple",
                "verify_ssl": true
            }
        ]
    },
    "default": {
        "attrs": {
            "hashes": [
                "sha256:26b54ddbbb9ee1d34d5d3668dd37d6cf74990ab23c828c2888dccdceee395594",
                "sha256:fce7fc47dfc976152e82d53ff92fa0407700c21acd20886a13777a0d20e655dc"
            ],
            "markers": "python_version >= '2.7' and python_version not in '3.0, 3.1, 3.2, 3.3'",
            "version": "==20.2.0"
        },
        "cattrs": {
            "hashes": [
                "sha256:616972ae3dfa6e623a40ad3cb845420e64942989152774ab055e5c2b2f89f997",
                "sha256:b7ab5cf8ad127c42eefd01410c1c6e28569a45a255ea80ed968511873c433c7a"
            ],
            "version": "==1.0.0"
        },
        "cdk8s": {
            "hashes": [
                "sha256:45b8d7978144ea68ea79d75b3e53470ff9b156533180145b585586fb50399c72",
                "sha256:d347c1b53192ad2777d631ae4b3352648bc77859b27fc2247a5e6c044889f231"
            ],
            "index": "pypi",
            "version": "==0.28.0"
        },
        "constructs": {
            "hashes": [
                "sha256:400730e0f088340f50ee87fb648957f09cef3016eb60285656e6c1d9608bfcc4",
                "sha256:5e8f23c3bb0ed154383dcc6418f97c8b2f104d0621ff2b5ffd7cfddf241b0658"
            ],
            "index": "pypi",
            "version": "==2.0.2"
        },
        "jsii": {
            "hashes": [
                "sha256:27ecf9167ba37635549f5779c14a63a14d38fcc467b0eaa319e8fceab69202d7",
                "sha256:d17f93e41e938633a4a906511bfa514f70c24e0aa31155adf1dc25ac2a77076a"
            ],
            "markers": "python_version >= '3.6'",
            "version": "==1.12.0"
        },
        "publication": {
            "hashes": [
                "sha256:0248885351febc11d8a1098d5c8e3ab2dabcf3e8c0c96db1e17ecd12b53afbe6",
                "sha256:68416a0de76dddcdd2930d1c8ef853a743cc96c82416c4e4d3b5d901c6276dc4"
            ],
            "version": "==0.0.3"
        },
        "python-dateutil": {
            "hashes": [
                "sha256:73ebfe9dbf22e832286dafa60473e4cd239f8592f699aa5adaf10050e6e1823c",
                "sha256:75bb3f31ea686f1197762692a9ee6a7550b59fc6ca3a1f4b5d7e32fb98e2da2a"
            ],
            "markers": "python_version >= '2.7' and python_version not in '3.0, 3.1, 3.2, 3.3'",
            "version": "==2.8.1"
        },
        "six": {
            "hashes": [
                "sha256:30639c035cdb23534cd4aa2dd52c3bf48f06e5f4a941509c8bafd8ce11080259",
                "sha256:8b74bedcbbbaca38ff6d7491d76f2b06b3592611af620f8426e82dddb04a5ced"
            ],
            "markers": "python_version >= '2.7' and python_version not in '3.0, 3.1, 3.2, 3.3'",
            "version": "==1.15.0"
        },
        "typing-extensions": {
            "hashes": [
                "sha256:7cb407020f00f7bfc3cb3e7881628838e69d8f3fcab2f64742a5e76b2f841918",
                "sha256:99d4073b617d30288f569d3f13d2bd7548c3a7e4c8de87db09a9d29bb3a4a60c",
                "sha256:dafc7639cde7f1b6e1acc0f457842a83e722ccca8eef5270af2d74792619a89f"
            ],
            "version": "==3.7.4.3"
        }
    },
    "develop": {}
}
